{
	"name": "@mathssyfy/markdown",
	"version": "0.0.9-alpha.0",
	"lockfileVersion": 1,
	"requires": true,
	"dependencies": {
		"argparse": {
			"version": "1.0.10",
			"resolved": "https://registry.npmjs.org/argparse/-/argparse-1.0.10.tgz",
			"integrity": "sha512-o5Roy6tNG4SL/FOkCAN6RzjiakZS25RLYFrcMttJqbdd8BWrnA+fGz57iN5Pb06pvBGvl5gQ0B48dJlslXvoTg==",
			"requires": {
				"sprintf-js": "~1.0.2"
			}
		},
		"clipboard": {
			"version": "2.0.4",
			"resolved": "https://registry.npmjs.org/clipboard/-/clipboard-2.0.4.tgz",
			"integrity": "sha512-Vw26VSLRpJfBofiVaFb/I8PVfdI1OxKcYShe6fm0sP/DtmiWQNCjhM/okTvdCo0G+lMMm1rMYbk4IK4x1X+kgQ==",
			"optional": true,
			"requires": {
				"good-listener": "^1.2.2",
				"select": "^1.1.2",
				"tiny-emitter": "^2.0.0"
			}
		},
		"deepmerge": {
			"version": "1.5.2",
			"resolved": "https://registry.npmjs.org/deepmerge/-/deepmerge-1.5.2.tgz",
			"integrity": "sha512-95k0GDqvBjZavkuvzx/YqVLv/6YYa17fz6ILMSf7neqQITCPbnfEnQvEgMPNjH4kgobe7+WIL0yJEHku+H3qtQ=="
		},
		"delegate": {
			"version": "3.2.0",
			"resolved": "https://registry.npmjs.org/delegate/-/delegate-3.2.0.tgz",
			"integrity": "sha512-IofjkYBZaZivn0V8nnsMJGBr4jVLxHDheKSW88PyxS5QC4Vo9ZbZVvhzlSxY87fVq3STR6r+4cGepyHkcWOQSw==",
			"optional": true
		},
		"entities": {
			"version": "1.1.2",
			"resolved": "https://registry.npmjs.org/entities/-/entities-1.1.2.tgz",
			"integrity": "sha512-f2LZMYl1Fzu7YSBKg+RoROelpOaNrcGmE9AZubeDfrCEia483oW4MI4VyFd5VNHIgQ/7qm1I0wUHK1eJnn2y2w=="
		},
		"good-listener": {
			"version": "1.2.2",
			"resolved": "https://registry.npmjs.org/good-listener/-/good-listener-1.2.2.tgz",
			"integrity": "sha1-1TswzfkxPf+33JoNR3CWqm0UXFA=",
			"optional": true,
			"requires": {
				"delegate": "^3.1.2"
			}
		},
		"javascript-stringify": {
			"version": "1.6.0",
			"resolved": "https://registry.npmjs.org/javascript-stringify/-/javascript-stringify-1.6.0.tgz",
			"integrity": "sha1-FC0RHzpuPa6PSpr9d9RYVbWpzOM="
		},
		"linkify-it": {
			"version": "2.1.0",
			"resolved": "https://registry.npmjs.org/linkify-it/-/linkify-it-2.1.0.tgz",
			"integrity": "sha512-4REs8/062kV2DSHxNfq5183zrqXMl7WP0WzABH9IeJI+NLm429FgE1PDecltYfnOoFDFlZGh2T8PfZn0r+GTRg==",
			"requires": {
				"uc.micro": "^1.0.1"
			}
		},
		"markdown-it": {
			"version": "8.4.2",
			"resolved": "https://registry.npmjs.org/markdown-it/-/markdown-it-8.4.2.tgz",
			"integrity": "sha512-GcRz3AWTqSUphY3vsUqQSFMbgR38a4Lh3GWlHRh/7MRwz8mcu9n2IO7HOh+bXHrR9kOPDl5RNCaEsrneb+xhHQ==",
			"requires": {
				"argparse": "^1.0.7",
				"entities": "~1.1.1",
				"linkify-it": "^2.0.0",
				"mdurl": "^1.0.1",
				"uc.micro": "^1.0.5"
			}
		},
		"markdown-it-anchor": {
			"version": "5.0.2",
			"resolved": "https://registry.npmjs.org/markdown-it-anchor/-/markdown-it-anchor-5.0.2.tgz",
			"integrity": "sha512-AFM/woBI8QDJMS/9+MmsBMT5/AR+ImfOsunQZTZhzcTmna3rIzAzbOh5E0l6mlFM/i9666BpUtkqQ9bS7WApCg=="
		},
		"markdown-it-chain": {
			"version": "1.3.0",
			"resolved": "https://registry.npmjs.org/markdown-it-chain/-/markdown-it-chain-1.3.0.tgz",
			"integrity": "sha512-XClV8I1TKy8L2qsT9iX3qiV+50ZtcInGXI80CA+DP62sMs7hXlyV/RM3hfwy5O3Ad0sJm9xIwQELgANfESo8mQ==",
			"requires": {
				"webpack-chain": "^4.9.0"
			}
		},
		"markdown-it-container": {
			"version": "2.0.0",
			"resolved": "https://registry.npmjs.org/markdown-it-container/-/markdown-it-container-2.0.0.tgz",
			"integrity": "sha1-ABm0P9Au7+zi8ZYKKJX7qBpARpU="
		},
		"markdown-it-emoji": {
			"version": "1.4.0",
			"resolved": "https://registry.npmjs.org/markdown-it-emoji/-/markdown-it-emoji-1.4.0.tgz",
			"integrity": "sha1-m+4OmpkKljupbfaYDE/dsF37Tcw="
		},
		"markdown-it-table-of-contents": {
			"version": "0.4.3",
			"resolved": "https://registry.npmjs.org/markdown-it-table-of-contents/-/markdown-it-table-of-contents-0.4.3.tgz",
			"integrity": "sha512-x/OdaRzLYxAjmB+jIVlXuE3nX7tZTLDQxm58RkgjTLyQ+I290jYQvPS9cJjVN6SM3U6K6CHKYNgUtPNZmLblYQ=="
		},
		"mdurl": {
			"version": "1.0.1",
			"resolved": "https://registry.npmjs.org/mdurl/-/mdurl-1.0.1.tgz",
			"integrity": "sha1-/oWy7HWlkDfyrf7BAP1sYBdhFS4="
		},
		"prismjs": {
			"version": "1.15.0",
			"resolved": "https://registry.npmjs.org/prismjs/-/prismjs-1.15.0.tgz",
			"integrity": "sha512-Lf2JrFYx8FanHrjoV5oL8YHCclLQgbJcVZR+gikGGMqz6ub5QVWDTM6YIwm3BuPxM/LOV+rKns3LssXNLIf+DA==",
			"requires": {
				"clipboard": "^2.0.0"
			}
		},
		"select": {
			"version": "1.1.2",
			"resolved": "https://registry.npmjs.org/select/-/select-1.1.2.tgz",
			"integrity": "sha1-DnNQrN7ICxEIUoeG7B1EGNEbOW0=",
			"optional": true
		},
		"sprintf-js": {
			"version": "1.0.3",
			"resolved": "https://registry.npmjs.org/sprintf-js/-/sprintf-js-1.0.3.tgz",
			"integrity": "sha1-BOaSb2YolTVPPdAVIDYzuFcpfiw="
		},
		"tiny-emitter": {
			"version": "2.0.2",
			"resolved": "https://registry.npmjs.org/tiny-emitter/-/tiny-emitter-2.0.2.tgz",
			"integrity": "sha512-2NM0auVBGft5tee/OxP4PI3d8WItkDM+fPnaRAVo6xTDI2knbz9eC5ArWGqtGlYqiH3RU5yMpdyTTO7MguC4ow==",
			"optional": true
		},
		"uc.micro": {
			"version": "1.0.5",
			"resolved": "https://registry.npmjs.org/uc.micro/-/uc.micro-1.0.5.tgz",
			"integrity": "sha512-JoLI4g5zv5qNyT09f4YAvEZIIV1oOjqnewYg5D38dkQljIzpPT296dbIGvKro3digYI1bkb7W6EP1y4uDlmzLg=="
		},
		"webpack-chain": {
			"version": "4.12.1",
			"resolved": "https://registry.npmjs.org/webpack-chain/-/webpack-chain-4.12.1.tgz",
			"integrity": "sha512-BCfKo2YkDe2ByqkEWe1Rw+zko4LsyS75LVr29C6xIrxAg9JHJ4pl8kaIZ396SUSNp6b4815dRZPSTAS8LlURRQ==",
			"requires": {
				"deepmerge": "^1.5.2",
				"javascript-stringify": "^1.6.0"
			}
		}
	}
}
