# THIS IS AN AUTOGENERATED FILE. DO NOT EDIT THIS FILE DIRECTLY.
# yarn lockfile v1


"@mathssyfy/markdown-it-prewrapper@^0.1.0":
  version "0.1.0"
  resolved "https://registry.yarnpkg.com/@mathssyfy/markdown-it-prewrapper/-/markdown-it-prewrapper-0.1.0.tgz#3c134761674def94ea2fc0260ebd4496cc670c79"
  integrity sha512-+/nl3hLhGHfWZRecY189LhLwS4SdBsLPc3J5UULuqDYoVchcLOJbEUMtl702VhRXywGH7LHnhQ3qhSiQcSFuYg==
