# THIS IS AN AUTOGENERATED FILE. DO NOT EDIT THIS FILE DIRECTLY.
# yarn lockfile v1


markdown-it-anchor@^5.0.2:
  version "5.0.2"
  resolved "https://registry.yarnpkg.com/markdown-it-anchor/-/markdown-it-anchor-5.0.2.tgz#cdd917a05b7bf92fb736a6dae3385c6d0d0fa552"
  integrity sha512-AFM/woBI8QDJMS/9+MmsBMT5/AR+ImfOsunQZTZhzcTmna3rIzAzbOh5E0l6mlFM/i9666BpUtkqQ9bS7WApCg==

"unorm@>= 1.0.0":
  version "1.4.1"
  resolved "https://registry.yarnpkg.com/unorm/-/unorm-1.4.1.tgz#364200d5f13646ca8bcd44490271335614792300"
  integrity sha1-NkIA1fE2RsqLzURJAnEzVhR5IwA=

uslug@^1.0.4:
  version "1.0.4"
  resolved "https://registry.yarnpkg.com/uslug/-/uslug-1.0.4.tgz#b9a22f0914e0a86140633dacc302e5f4fa450677"
  integrity sha1-uaIvCRTgqGFAYz2swwLl9PpFBnc=
  dependencies:
    unorm ">= 1.0.0"
