# THIS IS AN AUTOGENERATED FILE. DO NOT EDIT THIS FILE DIRECTLY.
# yarn lockfile v1


"@mathssyfy/markdown-it-highlightlines@^1.2.12":
  version "1.2.12"
  resolved "https://registry.yarnpkg.com/@mathssyfy/markdown-it-highlightlines/-/markdown-it-highlightlines-1.2.12.tgz#83508591a4306d7e80f8ecce8af1480bbf782b03"
  integrity sha512-mmLjrGElb9HZZxzezeNcWkOzp7ZT5uwKIX2yY5aUvyIOpkgLxzREsrSmP/z6/NtyB2uXh4YF/Sqr0f5Yq0shXQ==
  dependencies:
    "@mathssyfy/markdown-it-prewrapper" "^1.2.12"

"@mathssyfy/markdown-it-linenumbers@^1.2.12":
  version "1.2.12"
  resolved "https://registry.yarnpkg.com/@mathssyfy/markdown-it-linenumbers/-/markdown-it-linenumbers-1.2.12.tgz#cfe16216d065c7d86783665a3544857ef6413025"
  integrity sha512-8TduXoNyhKgL6KCjkSXdYKAO+qQRrkxp03iuWayWT9P0pD65vUijAOjECnhEseh4ICB337sMgIo2sZa1imKSnw==
  dependencies:
    "@mathssyfy/markdown-it-prewrapper" "^1.2.12"

"@mathssyfy/markdown-it-prewrapper@^1.2.12":
  version "1.2.12"
  resolved "https://registry.yarnpkg.com/@mathssyfy/markdown-it-prewrapper/-/markdown-it-prewrapper-1.2.12.tgz#18b60563f8638ae87bb31d6e8a3567b05510e3ca"
  integrity sha512-KoXDSXKE6j2x89tg+jcgk8wAiy40ELvOe421ogwEtUKch5jDxvFU9u+vrspWNFfLJLBv1yS73o0AxnMBl4Ikwg==

argparse@^1.0.7:
  version "1.0.10"
  resolved "https://registry.yarnpkg.com/argparse/-/argparse-1.0.10.tgz#bcd6791ea5ae09725e17e5ad988134cd40b3d911"
  integrity sha512-o5Roy6tNG4SL/FOkCAN6RzjiakZS25RLYFrcMttJqbdd8BWrnA+fGz57iN5Pb06pvBGvl5gQ0B48dJlslXvoTg==
  dependencies:
    sprintf-js "~1.0.2"

deepmerge@^1.5.2:
  version "1.5.2"
  resolved "https://registry.yarnpkg.com/deepmerge/-/deepmerge-1.5.2.tgz#10499d868844cdad4fee0842df8c7f6f0c95a753"
  integrity sha512-95k0GDqvBjZavkuvzx/YqVLv/6YYa17fz6ILMSf7neqQITCPbnfEnQvEgMPNjH4kgobe7+WIL0yJEHku+H3qtQ==

entities@~1.1.1:
  version "1.1.2"
  resolved "https://registry.yarnpkg.com/entities/-/entities-1.1.2.tgz#bdfa735299664dfafd34529ed4f8522a275fea56"
  integrity sha512-f2LZMYl1Fzu7YSBKg+RoROelpOaNrcGmE9AZubeDfrCEia483oW4MI4VyFd5VNHIgQ/7qm1I0wUHK1eJnn2y2w==

javascript-stringify@^1.6.0:
  version "1.6.0"
  resolved "https://registry.yarnpkg.com/javascript-stringify/-/javascript-stringify-1.6.0.tgz#142d111f3a6e3dae8f4a9afd77d45855b5a9cce3"
  integrity sha1-FC0RHzpuPa6PSpr9d9RYVbWpzOM=

linkify-it@^2.0.0:
  version "2.1.0"
  resolved "https://registry.yarnpkg.com/linkify-it/-/linkify-it-2.1.0.tgz#c4caf38a6cd7ac2212ef3c7d2bde30a91561f9db"
  integrity sha512-4REs8/062kV2DSHxNfq5183zrqXMl7WP0WzABH9IeJI+NLm429FgE1PDecltYfnOoFDFlZGh2T8PfZn0r+GTRg==
  dependencies:
    uc.micro "^1.0.1"

markdown-it-anchor@^5.0.2:
  version "5.0.2"
  resolved "https://registry.yarnpkg.com/markdown-it-anchor/-/markdown-it-anchor-5.0.2.tgz#cdd917a05b7bf92fb736a6dae3385c6d0d0fa552"
  integrity sha512-AFM/woBI8QDJMS/9+MmsBMT5/AR+ImfOsunQZTZhzcTmna3rIzAzbOh5E0l6mlFM/i9666BpUtkqQ9bS7WApCg==

markdown-it-chain@^1.3.0:
  version "1.3.0"
  resolved "https://registry.yarnpkg.com/markdown-it-chain/-/markdown-it-chain-1.3.0.tgz#ccf6fe86c10266bafb4e547380dfd7f277cc17bc"
  integrity sha512-XClV8I1TKy8L2qsT9iX3qiV+50ZtcInGXI80CA+DP62sMs7hXlyV/RM3hfwy5O3Ad0sJm9xIwQELgANfESo8mQ==
  dependencies:
    webpack-chain "^4.9.0"

markdown-it-emoji@^1.4.0:
  version "1.4.0"
  resolved "https://registry.yarnpkg.com/markdown-it-emoji/-/markdown-it-emoji-1.4.0.tgz#9bee0e9a990a963ba96df6980c4fddb05dfb4dcc"
  integrity sha1-m+4OmpkKljupbfaYDE/dsF37Tcw=

markdown-it-table-of-contents@^0.4.3:
  version "0.4.3"
  resolved "https://registry.yarnpkg.com/markdown-it-table-of-contents/-/markdown-it-table-of-contents-0.4.3.tgz#6453925a76e49b9b3d9569a0d89f1c2168b46982"
  integrity sha512-x/OdaRzLYxAjmB+jIVlXuE3nX7tZTLDQxm58RkgjTLyQ+I290jYQvPS9cJjVN6SM3U6K6CHKYNgUtPNZmLblYQ==

markdown-it@^8.4.2:
  version "8.4.2"
  resolved "https://registry.yarnpkg.com/markdown-it/-/markdown-it-8.4.2.tgz#386f98998dc15a37722aa7722084f4020bdd9b54"
  integrity sha512-GcRz3AWTqSUphY3vsUqQSFMbgR38a4Lh3GWlHRh/7MRwz8mcu9n2IO7HOh+bXHrR9kOPDl5RNCaEsrneb+xhHQ==
  dependencies:
    argparse "^1.0.7"
    entities "~1.1.1"
    linkify-it "^2.0.0"
    mdurl "^1.0.1"
    uc.micro "^1.0.5"

mdurl@^1.0.1:
  version "1.0.1"
  resolved "https://registry.yarnpkg.com/mdurl/-/mdurl-1.0.1.tgz#fe85b2ec75a59037f2adfec100fd6c601761152e"
  integrity sha1-/oWy7HWlkDfyrf7BAP1sYBdhFS4=

sprintf-js@~1.0.2:
  version "1.0.3"
  resolved "https://registry.yarnpkg.com/sprintf-js/-/sprintf-js-1.0.3.tgz#04e6926f662895354f3dd015203633b857297e2c"
  integrity sha1-BOaSb2YolTVPPdAVIDYzuFcpfiw=

uc.micro@^1.0.1, uc.micro@^1.0.5:
  version "1.0.5"
  resolved "https://registry.yarnpkg.com/uc.micro/-/uc.micro-1.0.5.tgz#0c65f15f815aa08b560a61ce8b4db7ffc3f45376"
  integrity sha512-JoLI4g5zv5qNyT09f4YAvEZIIV1oOjqnewYg5D38dkQljIzpPT296dbIGvKro3digYI1bkb7W6EP1y4uDlmzLg==

webpack-chain@^4.9.0:
  version "4.12.1"
  resolved "https://registry.yarnpkg.com/webpack-chain/-/webpack-chain-4.12.1.tgz#6c8439bbb2ab550952d60e1ea9319141906c02a6"
  integrity sha512-BCfKo2YkDe2ByqkEWe1Rw+zko4LsyS75LVr29C6xIrxAg9JHJ4pl8kaIZ396SUSNp6b4815dRZPSTAS8LlURRQ==
  dependencies:
    deepmerge "^1.5.2"
    javascript-stringify "^1.6.0"
